// !$*UTF8*$!
{
	archiveVersion = 1;
	classes = {
	};
	objectVersion = 50;
	objects = {

/* Begin PBXBuildFile section */
		EB022EF4237BECEB001F34AB /* foldersViewController.swift in Sources */ = {isa = PBXBuildFile; fileRef = EB022EF3237BECEB001F34AB /* foldersViewController.swift */; };
		EB022EF6237BED4A001F34AB /* notesViewController.swift in Sources */ = {isa = PBXBuildFile; fileRef = EB022EF5237BED4A001F34AB /* notesViewController.swift */; };
		EB022EF8237BED79001F34AB /* noteViewController.swift in Sources */ = {isa = PBXBuildFile; fileRef = EB022EF7237BED79001F34AB /* noteViewController.swift */; };
		EB022EFA237BEDB0001F34AB /* MoveNotesViewController.swift in Sources */ = {isa = PBXBuildFile; fileRef = EB022EF9237BEDB0001F34AB /* MoveNotesViewController.swift */; };
		EBB2469323788F1A007E2803 /* AppDelegate.swift in Sources */ = {isa = PBXBuildFile; fileRef = EBB2469223788F1A007E2803 /* AppDelegate.swift */; };
		EBB2469823788F1B007E2803 /* Main.storyboard in Resources */ = {isa = PBXBuildFile; fileRef = EBB2469623788F1B007E2803 /* Main.storyboard */; };
		EBB2469A23788F26007E2803 /* Assets.xcassets in Resources */ = {isa = PBXBuildFile; fileRef = EBB2469923788F26007E2803 /* Assets.xcassets */; };
		EBB2469D23788F26007E2803 /* LaunchScreen.storyboard in Resources */ = {isa = PBXBuildFile; fileRef = EBB2469B23788F26007E2803 /* LaunchScreen.storyboard */; };
/* End PBXBuildFile section */

/* Begin PBXFileReference section */
		EB022EF3237BECEB001F34AB /* foldersViewController.swift */ = {isa = PBXFileReference; lastKnownFileType = sourcecode.swift; path = foldersViewController.swift; sourceTree = "<group>"; };
		EB022EF5237BED4A001F34AB /* notesViewController.swift */ = {isa = PBXFileReference; lastKnownFileType = sourcecode.swift; path = notesViewController.swift; sourceTree = "<group>"; };
		EB022EF7237BED79001F34AB /* noteViewController.swift */ = {isa = PBXFileReference; lastKnownFileType = sourcecode.swift; path = noteViewController.swift; sourceTree = "<group>"; };
		EB022EF9237BEDB0001F34AB /* MoveNotesViewController.swift */ = {isa = PBXFileReference; lastKnownFileType = sourcecode.swift; path = MoveNotesViewController.swift; sourceTree = "<group>"; };
		EBB2468F23788F1A007E2803 /* Sandeep_c0766628_note_p1.app */ = {isa = PBXFileReference; explicitFileType = wrapper.application; includeInIndex = 0; path = Sandeep_c0766628_note_p1.app; sourceTree = BUILT_PRODUCTS_DIR; };
		EBB2469223788F1A007E2803 /* AppDelegate.swift */ = {isa = PBXFileReference; lastKnownFileType = sourcecode.swift; path = AppDelegate.swift; sourceTree = "<group>"; };
		EBB2469723788F1B007E2803 /* Base */ = {isa = PBXFileReference; lastKnownFileType = file.storyboard; name = Base; path = Base.lproj/Main.storyboard; sourceTree = "<group>"; };
		EBB2469923788F26007E2803 /* Assets.xcassets */ = {isa = PBXFileReference; lastKnownFileType = folder.assetcatalog; path = Assets.xcassets; sourceTree = "<group>"; };
		EBB2469C23788F26007E2803 /* Base */ = {isa = PBXFileReference; lastKnownFileType = file.storyboard; name = Base; path = Base.lproj/LaunchScreen.storyboard; sourceTree = "<group>"; };
		EBB2469E23788F26007E2803 /* Info.plist */ = {isa = PBXFileReference; lastKnownFileType = text.plist.xml; path = Info.plist; sourceTree = "<group>"; };
/* End PBXFileReference section */

/* Begin PBXFrameworksBuildPhase section */
		EBB2468C23788F1A007E2803 /* Frameworks */ = {
			isa = PBXFrameworksBuildPhase;
			buildActionMask = 2147483647;
			files = (
			);
			runOnlyForDeploymentPostprocessing = 0;
		};
/* End PBXFrameworksBuildPhase section */

/* Begin PBXGroup section */
		EBB2468623788F1A007E2803 = {
			isa = PBXGroup;
			children = (
				EBB2469123788F1A007E2803 /* Sandeep_c0766628_note_p1 */,
			);
			sourceTree = "<group>";
		};
		EBB2469023788F1A007E2803 /* Products */ = {
			isa = PBXGroup;
			children = (
				EBB2468F23788F1A007E2803 /* Sandeep_c0766628_note_p1.app */,
			);
			name = Products;
			path = ..;
			sourceTree = "<group>";
		};
		EBB2469123788F1A007E2803 /* Sandeep_c0766628_note_p1 */ = {
			isa = PBXGroup;
			children = (
				EBB2469223788F1A007E2803 /* AppDelegate.swift */,
				EB022EF3237BECEB001F34AB /* foldersViewController.swift */,
				EB022EF5237BED4A001F34AB /* notesViewController.swift */,
				EB022EF7237BED79001F34AB /* noteViewController.swift */,
				EB022EF9237BEDB0001F34AB /* MoveNotesViewController.swift */,
				EBB2469623788F1B007E2803 /* Main.storyboard */,
				EBB2469923788F26007E2803 /* Assets.xcassets */,
				EBB2469B23788F26007E2803 /* LaunchScreen.storyboard */,
				EBB2469E23788F26007E2803 /* Info.plist */,
				EBB2469023788F1A007E2803 /* Products */,
			);
			path = Sandeep_c0766628_note_p1;
			sourceTree = "<group>";
		};
/* End PBXGroup section */

/* Begin PBXNativeTarget section */
		EBB2468E23788F1A007E2803 /* Sandeep_c0766628_note_p1 */ = {
			isa = PBXNativeTarget;
			buildConfigurationList = EBB246A123788F26007E2803 /* Build configuration list for PBXNativeTarget "Sandeep_c0766628_note_p1" */;
			buildPhases = (
				EBB2468B23788F1A007E2803 /* Sources */,
				EBB2468C23788F1A007E2803 /* Frameworks */,
				EBB2468D23788F1A007E2803 /* Resources */,
			);
			buildRules = (
			);
			dependencies = (
			);
			name = Sandeep_c0766628_note_p1;
			productName = Sandeep_c0766628_note_p1;
			productReference = EBB2468F23788F1A007E2803 /* Sandeep_c0766628_note_p1.app */;
			productType = "com.apple.product-type.application";
		};
/* End PBXNativeTarget section */

/* Begin PBXProject section */
		EBB2468723788F1A007E2803 /* Project object */ = {
			isa = PBXProject;
			attributes = {
				LastSwiftUpdateCheck = 1000;
				LastUpgradeCheck = 1000;
				ORGANIZATIONNAME = SandeepAppDev;
				TargetAttributes = {
					EBB2468E23788F1A007E2803 = {
						CreatedOnToolsVersion = 10.0;
					};
				};
			};
			buildConfigurationList = EBB2468A23788F1A007E2803 /* Build configuration list for PBXProject "Sandeep_c0766628_note_p1" */;
			compatibilityVersion = "Xcode 9.3";
			developmentRegion = en;
			hasScannedForEncodings = 0;
			knownRegions = (
				en,
				Base,
			);
			mainGroup = EBB2468623788F1A007E2803;
			productRefGroup = EBB2469023788F1A007E2803 /* Products */;
			projectDirPath = "";
			projectRoot = "";
			targets = (
				EBB2468E23788F1A007E2803 /* Sandeep_c0766628_note_p1 */,
			);
		};
/* End PBXProject section */

/* Begin PBXResourcesBuildPhase section */
		EBB2468D23788F1A007E2803 /* Resources */ = {
			isa = PBXResourcesBuildPhase;
			buildActionMask = 2147483647;
			files = (
				EBB2469D23788F26007E2803 /* LaunchScreen.storyboard in Resources */,
				EBB2469A23788F26007E2803 /* Assets.xcassets in Resources */,
				EBB2469823788F1B007E2803 /* Main.storyboard in Resources */,
			);
			runOnlyForDeploymentPostprocessing = 0;
		};
/* End PBXResourcesBuildPhase section */

/* Begin PBXSourcesBuildPhase section */
		EBB2468B23788F1A007E2803 /* Sources */ = {
			isa = PBXSourcesBuildPhase;
			buildActionMask = 2147483647;
			files = (
				EB022EF8237BED79001F34AB /* noteViewController.swift in Sources */,
				EB022EF4237BECEB001F34AB /* foldersViewController.swift in Sources */,
				EB022EF6237BED4A001F34AB /* notesViewController.swift in Sources */,
				EBB2469323788F1A007E2803 /* AppDelegate.swift in Sources */,
				EB022EFA237BEDB0001F34AB /* MoveNotesViewController.swift in Sources */,
			);
			runOnlyForDeploymentPostprocessing = 0;
		};
/* End PBXSourcesBuildPhase section */

/* Begin PBXVariantGroup section */
		EBB2469623788F1B007E2803 /* Main.storyboard */ = {
			isa = PBXVariantGroup;
			children = (
				EBB2469723788F1B007E2803 /* Base */,
			);
			name = Main.storyboard;
			sourceTree = "<group>";
		};
		EBB2469B23788F26007E2803 /* LaunchScreen.storyboard */ = {
			isa = PBXVariantGroup;
			children = (
				EBB2469C23788F26007E2803 /* Base */,
			);
			name = LaunchScreen.storyboard;
			sourceTree = "<group>";
		};
/* End PBXVariantGroup section */

/* Begin XCBuildConfiguration section */
		EBB2469F23788F26007E2803 /* Debug */ = {
			isa = XCBuildConfiguration;
			buildSettings = {
				ALWAYS_SEARCH_USER_PATHS = NO;
				CLANG_ANALYZER_NONNULL = YES;
				CLANG_ANALYZER_NUMBER_OBJECT_CONVERSION = YES_AGGRESSIVE;
				CLANG_CXX_LANGUAGE_STANDARD = "gnu++14";
				CLANG_CXX_LIBRARY = "libc++";
				CLANG_ENABLE_MODULES = YES;
				CLANG_ENABLE_OBJC_ARC = YES;
				CLANG_ENABLE_OBJC_WEAK = YES;
				CLANG_WARN_BLOCK_CAPTURE_AUTORELEASING = YES;
				CLANG_WARN_BOOL_CONVERSION = YES;
				CLANG_WARN_COMMA = YES;
				CLANG_WARN_CONSTANT_CONVERSION = YES;
				CLANG_WARN_DEPRECATED_OBJC_IMPLEMENTATIONS = YES;
				CLANG_WARN_DIRECT_OBJC_ISA_USAGE = YES_ERROR;
				CLANG_WARN_DOCUMENTATION_COMMENTS = YES;
				CLANG_WARN_EMPTY_BODY = YES;
				CLANG_WARN_ENUM_CONVERSION = YES;
				CLANG_WARN_INFINITE_RECURSION = YES;
				CLANG_WARN_INT_CONVERSION = YES;
				CLANG_WARN_NON_LITERAL_NULL_CONVERSION = YES;
				CLANG_WARN_OBJC_IMPLICIT_RETAIN_SELF = YES;
				CLANG_WARN_OBJC_LITERAL_CONVERSION = YES;
				CLANG_WARN_OBJC_ROOT_CLASS = YES_ERROR;
				CLANG_WARN_RANGE_LOOP_ANALYSIS = YES;
				CLANG_WARN_STRICT_PROTOTYPES = YES;
				CLANG_WARN_SUSPICIOUS_MOVE = YES;
				CLANG_WARN_UNGUARDED_AVAILABILITY = YES_AGGRESSIVE;
				CLANG_WARN_UNREACHABLE_CODE = YES;
				CLANG_WARN__DUPLICATE_METHOD_MATCH = YES;
				CODE_SIGN_IDENTITY = "iPhone Developer";
				COPY_PHASE_STRIP = NO;
				DEBUG_INFORMATION_FORMAT = dwarf;
				ENABLE_STRICT_OBJC_MSGSEND = YES;
				ENABLE_TESTABILITY = YES;
				GCC_C_LANGUAGE_STANDARD = gnu11;
				GCC_DYNAMIC_NO_PIC = NO;
				GCC_NO_COMMON_BLOCKS = YES;
				GCC_OPTIMIZATION_LEVEL = 0;
				GCC_PREPROCESSOR_DEFINITIONS = (
					"DEBUG=1",
					"$(inherited)",
				);
				GCC_WARN_64_TO_32_BIT_CONVERSION = YES;
				GCC_WARN_ABOUT_RETURN_TYPE = YES_ERROR;
				GCC_WARN_UNDECLARED_SELECTOR = YES;
				GCC_WARN_UNINITIALIZED_AUTOS = YES_AGGRESSIVE;
				GCC_WARN_UNUSED_FUNCTION = YES;
				GCC_WARN_UNUSED_VARIABLE = YES;
				IPHONEOS_DEPLOYMENT_TARGET = 12.0;
				MTL_ENABLE_DEBUG_INFO = INCLUDE_SOURCE;
				MTL_FAST_MATH = YES;
				ONLY_ACTIVE_ARCH = YES;
				SDKROOT = iphoneos;
				SWIFT_ACTIVE_COMPILATION_CONDITIONS = DEBUG;
				SWIFT_OPTIMIZATION_LEVEL = "-Onone";
			};
			name = Debug;
		};
		EBB246A023788F26007E2803 /* Release */ = {
			isa = XCBuildConfiguration;
			buildSettings = {
				ALWAYS_SEARCH_USER_PATHS = NO;
				CLANG_ANALYZER_NONNULL = YES;
				CLANG_ANALYZER_NUMBER_OBJECT_CONVERSION = YES_AGGRESSIVE;
				CLANG_CXX_LANGUAGE_STANDARD = "gnu++14";
				CLANG_CXX_LIBRARY = "libc++";
				CLANG_ENABLE_MODULES = YES;
				CLANG_ENABLE_OBJC_ARC = YES;
				CLANG_ENABLE_OBJC_WEAK = YES;
				CLANG_WARN_BLOCK_CAPTURE_AUTORELEASING = YES;
				CLANG_WARN_BOOL_CONVERSION = YES;
				CLANG_WARN_COMMA = YES;
				CLANG_WARN_CONSTANT_CONVERSION = YES;
				CLANG_WARN_DEPRECATED_OBJC_IMPLEMENTATIONS = YES;
				CLANG_WARN_DIRECT_OBJC_ISA_USAGE = YES_ERROR;
				CLANG_WARN_DOCUMENTATION_COMMENTS = YES;
				CLANG_WARN_EMPTY_BODY = YES;
				CLANG_WARN_ENUM_CONVERSION = YES;
				CLANG_WARN_INFINITE_RECURSION = YES;
				CLANG_WARN_INT_CONVERSION = YES;
				CLANG_WARN_NON_LITERAL_NULL_CONVERSION = YES;
				CLANG_WARN_OBJC_IMPLICIT_RETAIN_SELF = YES;
				CLANG_WARN_OBJC_LITERAL_CONVERSION = YES;
				CLANG_WARN_OBJC_ROOT_CLASS = YES_ERROR;
				CLANG_WARN_RANGE_LOOP_ANALYSIS = YES;
				CLANG_WARN_STRICT_PROTOTYPES = YES;
				CLANG_WARN_SUSPICIOUS_MOVE = YES;
				CLANG_WARN_UNGUARDED_AVAILABILITY = YES_AGGRESSIVE;
				CLANG_WARN_UNREACHABLE_CODE = YES;
				CLANG_WARN__DUPLICATE_METHOD_MATCH = YES;
				CODE_SIGN_IDENTITY = "iPhone Developer";
				COPY_PHASE_STRIP = NO;
				DEBUG_INFORMATION_FORMAT = "dwarf-with-dsym";
				ENABLE_NS_ASSERTIONS = NO;
				ENABLE_STRICT_OBJC_MSGSEND = YES;
				GCC_C_LANGUAGE_STANDARD = gnu11;
				GCC_NO_COMMON_BLOCKS = YES;
				GCC_WARN_64_TO_32_BIT_CONVERSION = YES;
				GCC_WARN_ABOUT_RETURN_TYPE = YES_ERROR;
				GCC_WARN_UNDECLARED_SELECTOR = YES;
				GCC_WARN_UNINITIALIZED_AUTOS = YES_AGGRESSIVE;
				GCC_WARN_UNUSED_FUNCTION = YES;
				GCC_WARN_UNUSED_VARIABLE = YES;
				IPHONEOS_DEPLOYMENT_TARGET = 12.0;
				MTL_ENABLE_DEBUG_INFO = NO;
				MTL_FAST_MATH = YES;
				SDKROOT = iphoneos;
				SWIFT_COMPILATION_MODE = wholemodule;
				SWIFT_OPTIMIZATION_LEVEL = "-O";
				VALIDATE_PRODUCT = YES;
			};
			name = Release;
		};
		EBB246A223788F26007E2803 /* Debug */ = {
			isa = XCBuildConfiguration;
			buildSettings = {
				ASSETCATALOG_COMPILER_APPICON_NAME = AppIcon;
				CODE_SIGN_STYLE = Automatic;
				DEVELOPMENT_TEAM = 2CXF6A3LCD;
				INFOPLIST_FILE = Sandeep_c0766628_note_p1/Info.plist;
				LD_RUNPATH_SEARCH_PATHS = (
					"$(inherited)",
					"@executable_path/Frameworks",
				);
				PRODUCT_BUNDLE_IDENTIFIER = "sandyapp.Sandeep-c0766628-note-p1";
				PRODUCT_NAME = "$(TARGET_NAME)";
				SWIFT_VERSION = 4.2;
				TARGETED_DEVICE_FAMILY = "1,2";
			};
			name = Debug;
		};
		EBB246A323788F26007E2803 /* Release */ = {
			isa = XCBuildConfiguration;
			buildSettings = {
				ASSETCATALOG_COMPILER_APPICON_NAME = AppIcon;
				CODE_SIGN_STYLE = Automatic;
				DEVELOPMENT_TEAM = 2CXF6A3LCD;
				INFOPLIST_FILE = Sandeep_c0766628_note_p1/Info.plist;
				LD_RUNPATH_SEARCH_PATHS = (
					"$(inherited)",
					"@executable_path/Frameworks",
				);
				PRODUCT_BUNDLE_IDENTIFIER = "sandyapp.Sandeep-c0766628-note-p1";
				PRODUCT_NAME = "$(TARGET_NAME)";
				SWIFT_VERSION = 4.2;
				TARGETED_DEVICE_FAMILY = "1,2";
			};
			name = Release;
		};
/* End XCBuildConfiguration section */

/* Begin XCConfigurationList section */
		EBB2468A23788F1A007E2803 /* Build configuration list for PBXProject "Sandeep_c0766628_note_p1" */ = {
			isa = XCConfigurationList;
			buildConfigurations = (
				EBB2469F23788F26007E2803 /* Debug */,
				EBB246A023788F26007E2803 /* Release */,
			);
			defaultConfigurationIsVisible = 0;
			defaultConfigurationName = Release;
		};
		EBB246A123788F26007E2803 /* Build configuration list for PBXNativeTarget "Sandeep_c0766628_note_p1" */ = {
			isa = XCConfigurationList;
			buildConfigurations = (
				EBB246A223788F26007E2803 /* Debug */,
				EBB246A323788F26007E2803 /* Release */,
			);
			defaultConfigurationIsVisible = 0;
			defaultConfigurationName = Release;
		};
/* End XCConfigurationList section */
	};
	rootObject = EBB2468723788F1A007E2803 /* Project object */;
}
